
Microsoft Visual Studio Solution File, Format Version 12.00
# Visual Studio Version 16
VisualStudioVersion = 16.0.31229.75
MinimumVisualStudioVersion = 10.0.40219.1
Project("{FAE04EC0-301F-11D3-BF4B-00C04F79EFBC}") = "console-programlama", "console-programlama\console-programlama.csproj", "{E91F478B-44A4-4C36-B076-46864C94FED4}"
EndProject
Project("{FAE04EC0-301F-11D3-BF4B-00C04F79EFBC}") = "degisken", "degisken\degisken.csproj", "{28CBB274-29D3-491A-8D44-8F44144B4DD7}"
EndProject
Project("{FAE04EC0-301F-11D3-BF4B-00C04F79EFBC}") = "operatorler", "operatorler\operatorler.csproj", "{6C0DA084-185D-49A9-8E6B-6A81F41944D7}"
EndProject
Project("{FAE04EC0-301F-11D3-BF4B-00C04F79EFBC}") = "tip-donusumleri", "tip-donusumleri\tip-donusumleri.csproj", "{B2837D9F-D44D-4C11-A394-6C182692928E}"
EndProject
Global
	GlobalSection(SolutionConfigurationPlatforms) = preSolution
		Debug|Any CPU = Debug|Any CPU
		Release|Any CPU = Release|Any CPU
	EndGlobalSection
	GlobalSection(ProjectConfigurationPlatforms) = postSolution
		{E91F478B-44A4-4C36-B076-46864C94FED4}.Debug|Any CPU.ActiveCfg = Debug|Any CPU
		{E91F478B-44A4-4C36-B076-46864C94FED4}.Debug|Any CPU.Build.0 = Debug|Any CPU
		{E91F478B-44A4-4C36-B076-46864C94FED4}.Release|Any CPU.ActiveCfg = Release|Any CPU
		{E91F478B-44A4-4C36-B076-46864C94FED4}.Release|Any CPU.Build.0 = Release|Any CPU
		{28CBB274-29D3-491A-8D44-8F44144B4DD7}.Debug|Any CPU.ActiveCfg = Debug|Any CPU
		{28CBB274-29D3-491A-8D44-8F44144B4DD7}.Debug|Any CPU.Build.0 = Debug|Any CPU
		{28CBB274-29D3-491A-8D44-8F44144B4DD7}.Release|Any CPU.ActiveCfg = Release|Any CPU
		{28CBB274-29D3-491A-8D44-8F44144B4DD7}.Release|Any CPU.Build.0 = Release|Any CPU
		{6C0DA084-185D-49A9-8E6B-6A81F41944D7}.Debug|Any CPU.ActiveCfg = Debug|Any CPU
		{6C0DA084-185D-49A9-8E6B-6A81F41944D7}.Debug|Any CPU.Build.0 = Debug|Any CPU
		{6C0DA084-185D-49A9-8E6B-6A81F41944D7}.Release|Any CPU.ActiveCfg = Release|Any CPU
		{6C0DA084-185D-49A9-8E6B-6A81F41944D7}.Release|Any CPU.Build.0 = Release|Any CPU
		{B2837D9F-D44D-4C11-A394-6C182692928E}.Debug|Any CPU.ActiveCfg = Debug|Any CPU
		{B2837D9F-D44D-4C11-A394-6C182692928E}.Debug|Any CPU.Build.0 = Debug|Any CPU
		{B2837D9F-D44D-4C11-A394-6C182692928E}.Release|Any CPU.ActiveCfg = Release|Any CPU
		{B2837D9F-D44D-4C11-A394-6C182692928E}.Release|Any CPU.Build.0 = Release|Any CPU
	EndGlobalSection
	GlobalSection(SolutionProperties) = preSolution
		HideSolutionNode = FALSE
	EndGlobalSection
	GlobalSection(ExtensibilityGlobals) = postSolution
		SolutionGuid = {2F724783-83A2-40E7-97A2-9B569E7E5042}
	EndGlobalSection
EndGlobal
