
Microsoft Visual Studio Solution File, Format Version 12.00
# Visual Studio Version 16
VisualStudioVersion = 16.0.31229.75
MinimumVisualStudioVersion = 10.0.40219.1
Project("{9A19103F-16F7-4668-BE54-9A1E7A4F7556}") = "console-programlama", "console-programlama\console-programlama.csproj", "{E91F478B-44A4-4C36-B076-46864C94FED4}"
EndProject
Project("{9A19103F-16F7-4668-BE54-9A1E7A4F7556}") = "degisken", "degisken\degisken.csproj", "{28CBB274-29D3-491A-8D44-8F44144B4DD7}"
EndProject
Project("{9A19103F-16F7-4668-BE54-9A1E7A4F7556}") = "operatorler", "operatorler\operatorler.csproj", "{6C0DA084-185D-49A9-8E6B-6A81F41944D7}"
EndProject
Project("{9A19103F-16F7-4668-BE54-9A1E7A4F7556}") = "tip-donusumleri", "tip-donusumleri\tip-donusumleri.csproj", "{B2837D9F-D44D-4C11-A394-6C182692928E}"
EndProject
Project("{9A19103F-16F7-4668-BE54-9A1E7A4F7556}") = "hata-yonetimi", "hata-yonetimi\hata-yonetimi.csproj", "{F44774FC-FEB3-497F-B6F3-01B7D32B193D}"
EndProject
Project("{9A19103F-16F7-4668-BE54-9A1E7A4F7556}") = "if-else-if", "if-else-if\if-else-if.csproj", "{AB71F23E-5760-4DDC-A13E-1EC71A179F4D}"
EndProject
Project("{9A19103F-16F7-4668-BE54-9A1E7A4F7556}") = "switch-case", "switch-case\switch-case.csproj", "{7110E323-E2F6-4600-8BA9-CA64AE22BC24}"
EndProject
Project("{9A19103F-16F7-4668-BE54-9A1E7A4F7556}") = "donguler", "donguler\donguler.csproj", "{CA795445-B56E-41EA-BC01-FB635DEE6490}"
EndProject
Project("{FAE04EC0-301F-11D3-BF4B-00C04F79EFBC}") = "diziler", "diziler\diziler.csproj", "{01773272-3D4B-44A7-93FB-76EE6126EC42}"
EndProject
Global
	GlobalSection(SolutionConfigurationPlatforms) = preSolution
		Debug|Any CPU = Debug|Any CPU
		Release|Any CPU = Release|Any CPU
	EndGlobalSection
	GlobalSection(ProjectConfigurationPlatforms) = postSolution
		{E91F478B-44A4-4C36-B076-46864C94FED4}.Debug|Any CPU.ActiveCfg = Debug|Any CPU
		{E91F478B-44A4-4C36-B076-46864C94FED4}.Debug|Any CPU.Build.0 = Debug|Any CPU
		{E91F478B-44A4-4C36-B076-46864C94FED4}.Release|Any CPU.ActiveCfg = Release|Any CPU
		{E91F478B-44A4-4C36-B076-46864C94FED4}.Release|Any CPU.Build.0 = Release|Any CPU
		{28CBB274-29D3-491A-8D44-8F44144B4DD7}.Debug|Any CPU.ActiveCfg = Debug|Any CPU
		{28CBB274-29D3-491A-8D44-8F44144B4DD7}.Debug|Any CPU.Build.0 = Debug|Any CPU
		{28CBB274-29D3-491A-8D44-8F44144B4DD7}.Release|Any CPU.ActiveCfg = Release|Any CPU
		{28CBB274-29D3-491A-8D44-8F44144B4DD7}.Release|Any CPU.Build.0 = Release|Any CPU
		{6C0DA084-185D-49A9-8E6B-6A81F41944D7}.Debug|Any CPU.ActiveCfg = Debug|Any CPU
		{6C0DA084-185D-49A9-8E6B-6A81F41944D7}.Debug|Any CPU.Build.0 = Debug|Any CPU
		{6C0DA084-185D-49A9-8E6B-6A81F41944D7}.Release|Any CPU.ActiveCfg = Release|Any CPU
		{6C0DA084-185D-49A9-8E6B-6A81F41944D7}.Release|Any CPU.Build.0 = Release|Any CPU
		{B2837D9F-D44D-4C11-A394-6C182692928E}.Debug|Any CPU.ActiveCfg = Debug|Any CPU
		{B2837D9F-D44D-4C11-A394-6C182692928E}.Debug|Any CPU.Build.0 = Debug|Any CPU
		{B2837D9F-D44D-4C11-A394-6C182692928E}.Release|Any CPU.ActiveCfg = Release|Any CPU
		{B2837D9F-D44D-4C11-A394-6C182692928E}.Release|Any CPU.Build.0 = Release|Any CPU
		{F44774FC-FEB3-497F-B6F3-01B7D32B193D}.Debug|Any CPU.ActiveCfg = Debug|Any CPU
		{F44774FC-FEB3-497F-B6F3-01B7D32B193D}.Debug|Any CPU.Build.0 = Debug|Any CPU
		{F44774FC-FEB3-497F-B6F3-01B7D32B193D}.Release|Any CPU.ActiveCfg = Release|Any CPU
		{F44774FC-FEB3-497F-B6F3-01B7D32B193D}.Release|Any CPU.Build.0 = Release|Any CPU
		{AB71F23E-5760-4DDC-A13E-1EC71A179F4D}.Debug|Any CPU.ActiveCfg = Debug|Any CPU
		{AB71F23E-5760-4DDC-A13E-1EC71A179F4D}.Debug|Any CPU.Build.0 = Debug|Any CPU
		{AB71F23E-5760-4DDC-A13E-1EC71A179F4D}.Release|Any CPU.ActiveCfg = Release|Any CPU
		{AB71F23E-5760-4DDC-A13E-1EC71A179F4D}.Release|Any CPU.Build.0 = Release|Any CPU
		{7110E323-E2F6-4600-8BA9-CA64AE22BC24}.Debug|Any CPU.ActiveCfg = Debug|Any CPU
		{7110E323-E2F6-4600-8BA9-CA64AE22BC24}.Debug|Any CPU.Build.0 = Debug|Any CPU
		{7110E323-E2F6-4600-8BA9-CA64AE22BC24}.Release|Any CPU.ActiveCfg = Release|Any CPU
		{7110E323-E2F6-4600-8BA9-CA64AE22BC24}.Release|Any CPU.Build.0 = Release|Any CPU
		{CA795445-B56E-41EA-BC01-FB635DEE6490}.Debug|Any CPU.ActiveCfg = Debug|Any CPU
		{CA795445-B56E-41EA-BC01-FB635DEE6490}.Debug|Any CPU.Build.0 = Debug|Any CPU
		{CA795445-B56E-41EA-BC01-FB635DEE6490}.Release|Any CPU.ActiveCfg = Release|Any CPU
		{CA795445-B56E-41EA-BC01-FB635DEE6490}.Release|Any CPU.Build.0 = Release|Any CPU
		{01773272-3D4B-44A7-93FB-76EE6126EC42}.Debug|Any CPU.ActiveCfg = Debug|Any CPU
		{01773272-3D4B-44A7-93FB-76EE6126EC42}.Debug|Any CPU.Build.0 = Debug|Any CPU
		{01773272-3D4B-44A7-93FB-76EE6126EC42}.Release|Any CPU.ActiveCfg = Release|Any CPU
		{01773272-3D4B-44A7-93FB-76EE6126EC42}.Release|Any CPU.Build.0 = Release|Any CPU
	EndGlobalSection
	GlobalSection(SolutionProperties) = preSolution
		HideSolutionNode = FALSE
	EndGlobalSection
	GlobalSection(ExtensibilityGlobals) = postSolution
		SolutionGuid = {2F724783-83A2-40E7-97A2-9B569E7E5042}
	EndGlobalSection
EndGlobal
