
Microsoft Visual Studio Solution File, Format Version 12.00
# Visual Studio Version 16
VisualStudioVersion = 16.0.31229.75
MinimumVisualStudioVersion = 10.0.40219.1
Project("{9A19103F-16F7-4668-BE54-9A1E7A4F7556}") = "console-programlama", "console-programlama\console-programlama.csproj", "{E91F478B-44A4-4C36-B076-46864C94FED4}"
EndProject
Project("{9A19103F-16F7-4668-BE54-9A1E7A4F7556}") = "degisken", "degisken\degisken.csproj", "{28CBB274-29D3-491A-8D44-8F44144B4DD7}"
EndProject
Project("{9A19103F-16F7-4668-BE54-9A1E7A4F7556}") = "operatorler", "operatorler\operatorler.csproj", "{6C0DA084-185D-49A9-8E6B-6A81F41944D7}"
EndProject
Project("{9A19103F-16F7-4668-BE54-9A1E7A4F7556}") = "tip-donusumleri", "tip-donusumleri\tip-donusumleri.csproj", "{B2837D9F-D44D-4C11-A394-6C182692928E}"
EndProject
Project("{9A19103F-16F7-4668-BE54-9A1E7A4F7556}") = "hata-yonetimi", "hata-yonetimi\hata-yonetimi.csproj", "{F44774FC-FEB3-497F-B6F3-01B7D32B193D}"
EndProject
Project("{9A19103F-16F7-4668-BE54-9A1E7A4F7556}") = "if-else-if", "if-else-if\if-else-if.csproj", "{AB71F23E-5760-4DDC-A13E-1EC71A179F4D}"
EndProject
Project("{9A19103F-16F7-4668-BE54-9A1E7A4F7556}") = "switch-case", "switch-case\switch-case.csproj", "{7110E323-E2F6-4600-8BA9-CA64AE22BC24}"
EndProject
Project("{9A19103F-16F7-4668-BE54-9A1E7A4F7556}") = "donguler", "donguler\donguler.csproj", "{CA795445-B56E-41EA-BC01-FB635DEE6490}"
EndProject
Project("{9A19103F-16F7-4668-BE54-9A1E7A4F7556}") = "diziler", "diziler\diziler.csproj", "{01773272-3D4B-44A7-93FB-76EE6126EC42}"
EndProject
Project("{9A19103F-16F7-4668-BE54-9A1E7A4F7556}") = "diziler-array-metodlari", "diziler-array-metodlari\diziler-array-metodlari.csproj", "{2C203BAD-B29C-461C-B3B6-0C6510EA9FED}"
EndProject
Project("{9A19103F-16F7-4668-BE54-9A1E7A4F7556}") = "metodlar", "metodlar\metodlar.csproj", "{0CDFC9C0-0394-4730-A8E2-49BA813D6908}"
EndProject
Project("{9A19103F-16F7-4668-BE54-9A1E7A4F7556}") = "metod-overloading", "metod-overloading\metod-overloading.csproj", "{6D1B4B29-00C5-49BB-A3B4-2E351FE384D7}"
EndProject
Project("{9A19103F-16F7-4668-BE54-9A1E7A4F7556}") = "recursive_extension_metodlar", "recursive_extension_metodlar\recursive_extension_metodlar.csproj", "{03932E2E-0C74-43A9-8AD6-4F7839348C51}"
EndProject
Project("{9A19103F-16F7-4668-BE54-9A1E7A4F7556}") = "oop_universite_yonetim_sistemi", "oop_universite_yonetim_sistemi\oop_universite_yonetim_sistemi.csproj", "{8F0AC6C1-929F-412F-8E9A-2E8D83618C8B}"
EndProject
Project("{9A19103F-16F7-4668-BE54-9A1E7A4F7556}") = "oop_hayvanat_bahcesi_yonetimi", "oop_hayvanat_bahcesi_yonetimi\oop_hayvanat_bahcesi_yonetimi.csproj", "{A43A5E6F-2E41-4F8A-BADF-2377D2975C4A}"
EndProject
Project("{9A19103F-16F7-4668-BE54-9A1E7A4F7556}") = "oop_ucus_yonetim_sistemi", "oop_ucus_yonetim_sistemi\oop_ucus_yonetim_sistemi.csproj", "{87E3BA23-2123-4BAA-A0FE-68A52FCFCA86}"
EndProject
Project("{9A19103F-16F7-4668-BE54-9A1E7A4F7556}") = "oop_online_film_sitesi", "oop_online_film_sitesi\oop_online_film_sitesi.csproj", "{4A48DB48-0458-4EB1-AE16-7FA988D1A70D}"
EndProject
Project("{FAE04EC0-301F-11D3-BF4B-00C04F79EFBC}") = "algoritma_sorulari_odev1", "algoritma_sorulari_odev1\algoritma_sorulari_odev1.csproj", "{259A752E-6AED-44C7-9733-91B188F14A45}"
EndProject
Project("{FAE04EC0-301F-11D3-BF4B-00C04F79EFBC}") = "hazir_metodlar_string", "hazir_metodlar_string\hazir_metodlar_string.csproj", "{C3CC1AA2-618F-42BE-89C6-B22D2F50392E}"
EndProject
Project("{FAE04EC0-301F-11D3-BF4B-00C04F79EFBC}") = "hazir_metodlar_datetime_math", "hazir_metodlar_datetime_math\hazir_metodlar_datetime_math.csproj", "{94ABE78E-C4C9-4469-8F41-69E212738DAE}"
EndProject
Project("{FAE04EC0-301F-11D3-BF4B-00C04F79EFBC}") = "generic_list", "generic_list\generic_list.csproj", "{724803A3-EAE8-481F-BE82-F6E87BBAFB3D}"
EndProject
Global
	GlobalSection(SolutionConfigurationPlatforms) = preSolution
		Debug|Any CPU = Debug|Any CPU
		Release|Any CPU = Release|Any CPU
	EndGlobalSection
	GlobalSection(ProjectConfigurationPlatforms) = postSolution
		{E91F478B-44A4-4C36-B076-46864C94FED4}.Debug|Any CPU.ActiveCfg = Debug|Any CPU
		{E91F478B-44A4-4C36-B076-46864C94FED4}.Debug|Any CPU.Build.0 = Debug|Any CPU
		{E91F478B-44A4-4C36-B076-46864C94FED4}.Release|Any CPU.ActiveCfg = Release|Any CPU
		{E91F478B-44A4-4C36-B076-46864C94FED4}.Release|Any CPU.Build.0 = Release|Any CPU
		{28CBB274-29D3-491A-8D44-8F44144B4DD7}.Debug|Any CPU.ActiveCfg = Debug|Any CPU
		{28CBB274-29D3-491A-8D44-8F44144B4DD7}.Debug|Any CPU.Build.0 = Debug|Any CPU
		{28CBB274-29D3-491A-8D44-8F44144B4DD7}.Release|Any CPU.ActiveCfg = Release|Any CPU
		{28CBB274-29D3-491A-8D44-8F44144B4DD7}.Release|Any CPU.Build.0 = Release|Any CPU
		{6C0DA084-185D-49A9-8E6B-6A81F41944D7}.Debug|Any CPU.ActiveCfg = Debug|Any CPU
		{6C0DA084-185D-49A9-8E6B-6A81F41944D7}.Debug|Any CPU.Build.0 = Debug|Any CPU
		{6C0DA084-185D-49A9-8E6B-6A81F41944D7}.Release|Any CPU.ActiveCfg = Release|Any CPU
		{6C0DA084-185D-49A9-8E6B-6A81F41944D7}.Release|Any CPU.Build.0 = Release|Any CPU
		{B2837D9F-D44D-4C11-A394-6C182692928E}.Debug|Any CPU.ActiveCfg = Debug|Any CPU
		{B2837D9F-D44D-4C11-A394-6C182692928E}.Debug|Any CPU.Build.0 = Debug|Any CPU
		{B2837D9F-D44D-4C11-A394-6C182692928E}.Release|Any CPU.ActiveCfg = Release|Any CPU
		{B2837D9F-D44D-4C11-A394-6C182692928E}.Release|Any CPU.Build.0 = Release|Any CPU
		{F44774FC-FEB3-497F-B6F3-01B7D32B193D}.Debug|Any CPU.ActiveCfg = Debug|Any CPU
		{F44774FC-FEB3-497F-B6F3-01B7D32B193D}.Debug|Any CPU.Build.0 = Debug|Any CPU
		{F44774FC-FEB3-497F-B6F3-01B7D32B193D}.Release|Any CPU.ActiveCfg = Release|Any CPU
		{F44774FC-FEB3-497F-B6F3-01B7D32B193D}.Release|Any CPU.Build.0 = Release|Any CPU
		{AB71F23E-5760-4DDC-A13E-1EC71A179F4D}.Debug|Any CPU.ActiveCfg = Debug|Any CPU
		{AB71F23E-5760-4DDC-A13E-1EC71A179F4D}.Debug|Any CPU.Build.0 = Debug|Any CPU
		{AB71F23E-5760-4DDC-A13E-1EC71A179F4D}.Release|Any CPU.ActiveCfg = Release|Any CPU
		{AB71F23E-5760-4DDC-A13E-1EC71A179F4D}.Release|Any CPU.Build.0 = Release|Any CPU
		{7110E323-E2F6-4600-8BA9-CA64AE22BC24}.Debug|Any CPU.ActiveCfg = Debug|Any CPU
		{7110E323-E2F6-4600-8BA9-CA64AE22BC24}.Debug|Any CPU.Build.0 = Debug|Any CPU
		{7110E323-E2F6-4600-8BA9-CA64AE22BC24}.Release|Any CPU.ActiveCfg = Release|Any CPU
		{7110E323-E2F6-4600-8BA9-CA64AE22BC24}.Release|Any CPU.Build.0 = Release|Any CPU
		{CA795445-B56E-41EA-BC01-FB635DEE6490}.Debug|Any CPU.ActiveCfg = Debug|Any CPU
		{CA795445-B56E-41EA-BC01-FB635DEE6490}.Debug|Any CPU.Build.0 = Debug|Any CPU
		{CA795445-B56E-41EA-BC01-FB635DEE6490}.Release|Any CPU.ActiveCfg = Release|Any CPU
		{CA795445-B56E-41EA-BC01-FB635DEE6490}.Release|Any CPU.Build.0 = Release|Any CPU
		{01773272-3D4B-44A7-93FB-76EE6126EC42}.Debug|Any CPU.ActiveCfg = Debug|Any CPU
		{01773272-3D4B-44A7-93FB-76EE6126EC42}.Debug|Any CPU.Build.0 = Debug|Any CPU
		{01773272-3D4B-44A7-93FB-76EE6126EC42}.Release|Any CPU.ActiveCfg = Release|Any CPU
		{01773272-3D4B-44A7-93FB-76EE6126EC42}.Release|Any CPU.Build.0 = Release|Any CPU
		{2C203BAD-B29C-461C-B3B6-0C6510EA9FED}.Debug|Any CPU.ActiveCfg = Debug|Any CPU
		{2C203BAD-B29C-461C-B3B6-0C6510EA9FED}.Debug|Any CPU.Build.0 = Debug|Any CPU
		{2C203BAD-B29C-461C-B3B6-0C6510EA9FED}.Release|Any CPU.ActiveCfg = Release|Any CPU
		{2C203BAD-B29C-461C-B3B6-0C6510EA9FED}.Release|Any CPU.Build.0 = Release|Any CPU
		{0CDFC9C0-0394-4730-A8E2-49BA813D6908}.Debug|Any CPU.ActiveCfg = Debug|Any CPU
		{0CDFC9C0-0394-4730-A8E2-49BA813D6908}.Debug|Any CPU.Build.0 = Debug|Any CPU
		{0CDFC9C0-0394-4730-A8E2-49BA813D6908}.Release|Any CPU.ActiveCfg = Release|Any CPU
		{0CDFC9C0-0394-4730-A8E2-49BA813D6908}.Release|Any CPU.Build.0 = Release|Any CPU
		{6D1B4B29-00C5-49BB-A3B4-2E351FE384D7}.Debug|Any CPU.ActiveCfg = Debug|Any CPU
		{6D1B4B29-00C5-49BB-A3B4-2E351FE384D7}.Debug|Any CPU.Build.0 = Debug|Any CPU
		{6D1B4B29-00C5-49BB-A3B4-2E351FE384D7}.Release|Any CPU.ActiveCfg = Release|Any CPU
		{6D1B4B29-00C5-49BB-A3B4-2E351FE384D7}.Release|Any CPU.Build.0 = Release|Any CPU
		{03932E2E-0C74-43A9-8AD6-4F7839348C51}.Debug|Any CPU.ActiveCfg = Debug|Any CPU
		{03932E2E-0C74-43A9-8AD6-4F7839348C51}.Debug|Any CPU.Build.0 = Debug|Any CPU
		{03932E2E-0C74-43A9-8AD6-4F7839348C51}.Release|Any CPU.ActiveCfg = Release|Any CPU
		{03932E2E-0C74-43A9-8AD6-4F7839348C51}.Release|Any CPU.Build.0 = Release|Any CPU
		{8F0AC6C1-929F-412F-8E9A-2E8D83618C8B}.Debug|Any CPU.ActiveCfg = Debug|Any CPU
		{8F0AC6C1-929F-412F-8E9A-2E8D83618C8B}.Debug|Any CPU.Build.0 = Debug|Any CPU
		{8F0AC6C1-929F-412F-8E9A-2E8D83618C8B}.Release|Any CPU.ActiveCfg = Release|Any CPU
		{8F0AC6C1-929F-412F-8E9A-2E8D83618C8B}.Release|Any CPU.Build.0 = Release|Any CPU
		{A43A5E6F-2E41-4F8A-BADF-2377D2975C4A}.Debug|Any CPU.ActiveCfg = Debug|Any CPU
		{A43A5E6F-2E41-4F8A-BADF-2377D2975C4A}.Debug|Any CPU.Build.0 = Debug|Any CPU
		{A43A5E6F-2E41-4F8A-BADF-2377D2975C4A}.Release|Any CPU.ActiveCfg = Release|Any CPU
		{A43A5E6F-2E41-4F8A-BADF-2377D2975C4A}.Release|Any CPU.Build.0 = Release|Any CPU
		{87E3BA23-2123-4BAA-A0FE-68A52FCFCA86}.Debug|Any CPU.ActiveCfg = Debug|Any CPU
		{87E3BA23-2123-4BAA-A0FE-68A52FCFCA86}.Debug|Any CPU.Build.0 = Debug|Any CPU
		{87E3BA23-2123-4BAA-A0FE-68A52FCFCA86}.Release|Any CPU.ActiveCfg = Release|Any CPU
		{87E3BA23-2123-4BAA-A0FE-68A52FCFCA86}.Release|Any CPU.Build.0 = Release|Any CPU
		{4A48DB48-0458-4EB1-AE16-7FA988D1A70D}.Debug|Any CPU.ActiveCfg = Debug|Any CPU
		{4A48DB48-0458-4EB1-AE16-7FA988D1A70D}.Debug|Any CPU.Build.0 = Debug|Any CPU
		{4A48DB48-0458-4EB1-AE16-7FA988D1A70D}.Release|Any CPU.ActiveCfg = Release|Any CPU
		{4A48DB48-0458-4EB1-AE16-7FA988D1A70D}.Release|Any CPU.Build.0 = Release|Any CPU
		{259A752E-6AED-44C7-9733-91B188F14A45}.Debug|Any CPU.ActiveCfg = Debug|Any CPU
		{259A752E-6AED-44C7-9733-91B188F14A45}.Debug|Any CPU.Build.0 = Debug|Any CPU
		{259A752E-6AED-44C7-9733-91B188F14A45}.Release|Any CPU.ActiveCfg = Release|Any CPU
		{259A752E-6AED-44C7-9733-91B188F14A45}.Release|Any CPU.Build.0 = Release|Any CPU
		{C3CC1AA2-618F-42BE-89C6-B22D2F50392E}.Debug|Any CPU.ActiveCfg = Debug|Any CPU
		{C3CC1AA2-618F-42BE-89C6-B22D2F50392E}.Debug|Any CPU.Build.0 = Debug|Any CPU
		{C3CC1AA2-618F-42BE-89C6-B22D2F50392E}.Release|Any CPU.ActiveCfg = Release|Any CPU
		{C3CC1AA2-618F-42BE-89C6-B22D2F50392E}.Release|Any CPU.Build.0 = Release|Any CPU
		{94ABE78E-C4C9-4469-8F41-69E212738DAE}.Debug|Any CPU.ActiveCfg = Debug|Any CPU
		{94ABE78E-C4C9-4469-8F41-69E212738DAE}.Debug|Any CPU.Build.0 = Debug|Any CPU
		{94ABE78E-C4C9-4469-8F41-69E212738DAE}.Release|Any CPU.ActiveCfg = Release|Any CPU
		{94ABE78E-C4C9-4469-8F41-69E212738DAE}.Release|Any CPU.Build.0 = Release|Any CPU
		{724803A3-EAE8-481F-BE82-F6E87BBAFB3D}.Debug|Any CPU.ActiveCfg = Debug|Any CPU
		{724803A3-EAE8-481F-BE82-F6E87BBAFB3D}.Debug|Any CPU.Build.0 = Debug|Any CPU
		{724803A3-EAE8-481F-BE82-F6E87BBAFB3D}.Release|Any CPU.ActiveCfg = Release|Any CPU
		{724803A3-EAE8-481F-BE82-F6E87BBAFB3D}.Release|Any CPU.Build.0 = Release|Any CPU
	EndGlobalSection
	GlobalSection(SolutionProperties) = preSolution
		HideSolutionNode = FALSE
	EndGlobalSection
	GlobalSection(ExtensibilityGlobals) = postSolution
		SolutionGuid = {2F724783-83A2-40E7-97A2-9B569E7E5042}
	EndGlobalSection
EndGlobal
